
Microsoft Visual Studio Solution File, Format Version 12.00
# Visual Studio Version 16
VisualStudioVersion = 16.0.32901.82
MinimumVisualStudioVersion = 10.0.40219.1
Project("{FAE04EC0-301F-11D3-BF4B-00C04F79EFBC}") = "DoAnCuoiKi", "DoAnCuoiKi\DoAnCuoiKi.csproj", "{8498D46A-E165-4C31-844F-0A3C04AFBD90}"
EndProject
Global
	GlobalSection(SolutionConfigurationPlatforms) = preSolution
		Debug|Any CPU = Debug|Any CPU
		Release|Any CPU = Release|Any CPU
	EndGlobalSection
	GlobalSection(ProjectConfigurationPlatforms) = postSolution
		{8498D46A-E165-4C31-844F-0A3C04AFBD90}.Debug|Any CPU.ActiveCfg = Debug|Any CPU
		{8498D46A-E165-4C31-844F-0A3C04AFBD90}.Debug|Any CPU.Build.0 = Debug|Any CPU
		{8498D46A-E165-4C31-844F-0A3C04AFBD90}.Release|Any CPU.ActiveCfg = Release|Any CPU
		{8498D46A-E165-4C31-844F-0A3C04AFBD90}.Release|Any CPU.Build.0 = Release|Any CPU
	EndGlobalSection
	GlobalSection(SolutionProperties) = preSolution
		HideSolutionNode = FALSE
	EndGlobalSection
	GlobalSection(ExtensibilityGlobals) = postSolution
		SolutionGuid = {3362BE8F-8F63-414E-B1E2-55996FF480D1}
	EndGlobalSection
EndGlobal
